
Microsoft Visual Studio Solution File, Format Version 12.00
# Visual Studio 15
VisualStudioVersion = 15.0.28307.1209
MinimumVisualStudioVersion = 10.0.40219.1
Project("{FAE04EC0-301F-11D3-BF4B-00C04F79EFBC}") = "TesterProgram", "TesterProgram\TesterProgram.csproj", "{B9CD620C-2A59-4A88-8E1F-4E7ACE6AD138}"
EndProject
Project("{FAE04EC0-301F-11D3-BF4B-00C04F79EFBC}") = "ClassesLibrary", "ClassesLibrary\ClassesLibrary.csproj", "{7E5AEEA7-AFBB-495A-8A1B-62DF64326E7D}"
EndProject
Global
	GlobalSection(SolutionConfigurationPlatforms) = preSolution
		Debug|Any CPU = Debug|Any CPU
		Release|Any CPU = Release|Any CPU
	EndGlobalSection
	GlobalSection(ProjectConfigurationPlatforms) = postSolution
		{B9CD620C-2A59-4A88-8E1F-4E7ACE6AD138}.Debug|Any CPU.ActiveCfg = Debug|Any CPU
		{B9CD620C-2A59-4A88-8E1F-4E7ACE6AD138}.Debug|Any CPU.Build.0 = Debug|Any CPU
		{B9CD620C-2A59-4A88-8E1F-4E7ACE6AD138}.Release|Any CPU.ActiveCfg = Release|Any CPU
		{B9CD620C-2A59-4A88-8E1F-4E7ACE6AD138}.Release|Any CPU.Build.0 = Release|Any CPU
		{7E5AEEA7-AFBB-495A-8A1B-62DF64326E7D}.Debug|Any CPU.ActiveCfg = Debug|Any CPU
		{7E5AEEA7-AFBB-495A-8A1B-62DF64326E7D}.Debug|Any CPU.Build.0 = Debug|Any CPU
		{7E5AEEA7-AFBB-495A-8A1B-62DF64326E7D}.Release|Any CPU.ActiveCfg = Release|Any CPU
		{7E5AEEA7-AFBB-495A-8A1B-62DF64326E7D}.Release|Any CPU.Build.0 = Release|Any CPU
	EndGlobalSection
	GlobalSection(SolutionProperties) = preSolution
		HideSolutionNode = FALSE
	EndGlobalSection
	GlobalSection(ExtensibilityGlobals) = postSolution
		SolutionGuid = {9B82B353-0AD6-4D11-A5B5-38B6006B0AB9}
	EndGlobalSection
EndGlobal
